
Microsoft Visual Studio Solution File, Format Version 12.00
# Visual Studio 15
VisualStudioVersion = 15.0.28010.2036
MinimumVisualStudioVersion = 10.0.40219.1
Project("{FAE04EC0-301F-11D3-BF4B-00C04F79EFBC}") = "Console", "Console\Console.csproj", "{3625E12E-3254-4B5D-B805-0C39C5CB6995}"
EndProject
Global
	GlobalSection(SolutionConfigurationPlatforms) = preSolution
		Debug|Any CPU = Debug|Any CPU
		Release|Any CPU = Release|Any CPU
	EndGlobalSection
	GlobalSection(ProjectConfigurationPlatforms) = postSolution
		{3625E12E-3254-4B5D-B805-0C39C5CB6995}.Debug|Any CPU.ActiveCfg = Debug|Any CPU
		{3625E12E-3254-4B5D-B805-0C39C5CB6995}.Debug|Any CPU.Build.0 = Debug|Any CPU
		{3625E12E-3254-4B5D-B805-0C39C5CB6995}.Release|Any CPU.ActiveCfg = Release|Any CPU
		{3625E12E-3254-4B5D-B805-0C39C5CB6995}.Release|Any CPU.Build.0 = Release|Any CPU
	EndGlobalSection
	GlobalSection(SolutionProperties) = preSolution
		HideSolutionNode = FALSE
	EndGlobalSection
	GlobalSection(ExtensibilityGlobals) = postSolution
		SolutionGuid = {CD51ED74-576A-4681-8182-036AD5AA3C07}
	EndGlobalSection
EndGlobal
